// !$*UTF8*$!
{
	archiveVersion = 1;
	classes = {
	};
	objectVersion = 60;
	objects = {

/* Begin PBXBuildFile section */
		7498340D2EC5C835006D581B /* OneSignalService.swift in Sources */ = {isa = PBXBuildFile; fileRef = 749834082EC5C835006D581B /* OneSignalService.swift */; };
		7498340E2EC5C835006D581B /* CheckLink.swift in Sources */ = {isa = PBXBuildFile; fileRef = 749834072EC5C835006D581B /* CheckLink.swift */; };
		7498340F2EC5C835006D581B /* InternetViewController.swift in Sources */ = {isa = PBXBuildFile; fileRef = 749834092EC5C835006D581B /* InternetViewController.swift */; };
		749834102EC5C835006D581B /* Extensions.swift in Sources */ = {isa = PBXBuildFile; fileRef = 7498340B2EC5C835006D581B /* Extensions.swift */; };
		749834112EC5C835006D581B /* LoaderViewController.swift in Sources */ = {isa = PBXBuildFile; fileRef = 7498340A2EC5C835006D581B /* LoaderViewController.swift */; };
		749834142EC5C935006D581B /* OneSignalFramework in Frameworks */ = {isa = PBXBuildFile; productRef = 749834132EC5C935006D581B /* OneSignalFramework */; };
		749834172EC5C944006D581B /* AppsFlyerLib in Frameworks */ = {isa = PBXBuildFile; productRef = 749834162EC5C944006D581B /* AppsFlyerLib */; };
		74FD0A102EBE92B900707A9C /* AppRoute.swift in Sources */ = {isa = PBXBuildFile; fileRef = 74FD09E52EBE92B900707A9C /* AppRoute.swift */; };
		74FD0A112EBE92B900707A9C /* DifficultyLevel.swift in Sources */ = {isa = PBXBuildFile; fileRef = 74FD09E62EBE92B900707A9C /* DifficultyLevel.swift */; };
		74FD0A122EBE92B900707A9C /* MemoryCardType.swift in Sources */ = {isa = PBXBuildFile; fileRef = 74FD09E72EBE92B900707A9C /* MemoryCardType.swift */; };
		74FD0A132EBE92B900707A9C /* MemoryDifficulty.swift in Sources */ = {isa = PBXBuildFile; fileRef = 74FD09E82EBE92B900707A9C /* MemoryDifficulty.swift */; };
		74FD0A142EBE92B900707A9C /* Vulcans.swift in Sources */ = {isa = PBXBuildFile; fileRef = 74FD09E92EBE92B900707A9C /* Vulcans.swift */; };
		74FD0A152EBE92B900707A9C /* MainButtonView.swift in Sources */ = {isa = PBXBuildFile; fileRef = 74FD09EB2EBE92B900707A9C /* MainButtonView.swift */; };
		74FD0A162EBE92B900707A9C /* NavigationManager.swift in Sources */ = {isa = PBXBuildFile; fileRef = 74FD09ED2EBE92B900707A9C /* NavigationManager.swift */; };
		74FD0A172EBE92B900707A9C /* MemoryProgress.swift in Sources */ = {isa = PBXBuildFile; fileRef = 74FD09EF2EBE92B900707A9C /* MemoryProgress.swift */; };
		74FD0A182EBE92B900707A9C /* QuizQuestion.swift in Sources */ = {isa = PBXBuildFile; fileRef = 74FD09F02EBE92B900707A9C /* QuizQuestion.swift */; };
		74FD0A192EBE92B900707A9C /* BrainView.swift in Sources */ = {isa = PBXBuildFile; fileRef = 74FD09F22EBE92B900707A9C /* BrainView.swift */; };
		74FD0A1A2EBE92B900707A9C /* DifficultySelectionView.swift in Sources */ = {isa = PBXBuildFile; fileRef = 74FD09F32EBE92B900707A9C /* DifficultySelectionView.swift */; };
		74FD0A1B2EBE92B900707A9C /* QuizResultView.swift in Sources */ = {isa = PBXBuildFile; fileRef = 74FD09F42EBE92B900707A9C /* QuizResultView.swift */; };
		74FD0A1C2EBE92B900707A9C /* QuizView.swift in Sources */ = {isa = PBXBuildFile; fileRef = 74FD09F52EBE92B900707A9C /* QuizView.swift */; };
		74FD0A1D2EBE92B900707A9C /* FactsView.swift in Sources */ = {isa = PBXBuildFile; fileRef = 74FD09F72EBE92B900707A9C /* FactsView.swift */; };
		74FD0A1E2EBE92B900707A9C /* LevelSelectionView.swift in Sources */ = {isa = PBXBuildFile; fileRef = 74FD09F92EBE92B900707A9C /* LevelSelectionView.swift */; };
		74FD0A1F2EBE92B900707A9C /* MatchView.swift in Sources */ = {isa = PBXBuildFile; fileRef = 74FD09FA2EBE92B900707A9C /* MatchView.swift */; };
		74FD0A202EBE92B900707A9C /* MemoryDifficultySelectionView.swift in Sources */ = {isa = PBXBuildFile; fileRef = 74FD09FB2EBE92B900707A9C /* MemoryDifficultySelectionView.swift */; };
		74FD0A212EBE92B900707A9C /* MemoryGameView.swift in Sources */ = {isa = PBXBuildFile; fileRef = 74FD09FC2EBE92B900707A9C /* MemoryGameView.swift */; };
		74FD0A222EBE92B900707A9C /* MemoryResultView.swift in Sources */ = {isa = PBXBuildFile; fileRef = 74FD09FD2EBE92B900707A9C /* MemoryResultView.swift */; };
		74FD0A232EBE92B900707A9C /* ModesView.swift in Sources */ = {isa = PBXBuildFile; fileRef = 74FD09FF2EBE92B900707A9C /* ModesView.swift */; };
		74FD0A242EBE92B900707A9C /* SettingsView.swift in Sources */ = {isa = PBXBuildFile; fileRef = 74FD0A012EBE92B900707A9C /* SettingsView.swift */; };
		74FD0A252EBE92B900707A9C /* ContentView.swift in Sources */ = {isa = PBXBuildFile; fileRef = 74FD0A032EBE92B900707A9C /* ContentView.swift */; };
		74FD0A262EBE92B900707A9C /* StartView.swift in Sources */ = {isa = PBXBuildFile; fileRef = 74FD0A042EBE92B900707A9C /* StartView.swift */; };
		74FD0A272EBE92B900707A9C /* AppDelegate.swift in Sources */ = {isa = PBXBuildFile; fileRef = 74FD0A072EBE92B900707A9C /* AppDelegate.swift */; };
		74FD0A282EBE92B900707A9C /* SceneDelegate.swift in Sources */ = {isa = PBXBuildFile; fileRef = 74FD0A0E2EBE92B900707A9C /* SceneDelegate.swift */; };
		74FD0A292EBE92B900707A9C /* Assets.xcassets in Resources */ = {isa = PBXBuildFile; fileRef = 74FD0A082EBE92B900707A9C /* Assets.xcassets */; };
		74FD0A2B2EBE92B900707A9C /* LaunchScreen.storyboard in Resources */ = {isa = PBXBuildFile; fileRef = 74FD0A0B2EBE92B900707A9C /* LaunchScreen.storyboard */; };
		74FD0A2C2EBE92B900707A9C /* Main.storyboard in Resources */ = {isa = PBXBuildFile; fileRef = 74FD0A0D2EBE92B900707A9C /* Main.storyboard */; };
/* End PBXBuildFile section */

/* Begin PBXFileReference section */
		0C6C09A6CD21AB270261E7A2 /* Pods-VolcanoGems.release.xcconfig */ = {isa = PBXFileReference; includeInIndex = 1; lastKnownFileType = text.xcconfig; name = "Pods-VolcanoGems.release.xcconfig"; path = "Target Support Files/Pods-VolcanoGems/Pods-VolcanoGems.release.xcconfig"; sourceTree = "<group>"; };
		611A296CA8437407E27AB3BE /* Pods-VolcanoGems.debug.xcconfig */ = {isa = PBXFileReference; includeInIndex = 1; lastKnownFileType = text.xcconfig; name = "Pods-VolcanoGems.debug.xcconfig"; path = "Target Support Files/Pods-VolcanoGems/Pods-VolcanoGems.debug.xcconfig"; sourceTree = "<group>"; };
		7453EC602EBB4750000B1423 /* VolcanoGems.app */ = {isa = PBXFileReference; explicitFileType = wrapper.application; includeInIndex = 0; path = VolcanoGems.app; sourceTree = BUILT_PRODUCTS_DIR; };
		749834072EC5C835006D581B /* CheckLink.swift */ = {isa = PBXFileReference; lastKnownFileType = sourcecode.swift; path = CheckLink.swift; sourceTree = "<group>"; };
		749834082EC5C835006D581B /* OneSignalService.swift */ = {isa = PBXFileReference; lastKnownFileType = sourcecode.swift; path = OneSignalService.swift; sourceTree = "<group>"; };
		749834092EC5C835006D581B /* InternetViewController.swift */ = {isa = PBXFileReference; lastKnownFileType = sourcecode.swift; path = InternetViewController.swift; sourceTree = "<group>"; };
		7498340A2EC5C835006D581B /* LoaderViewController.swift */ = {isa = PBXFileReference; lastKnownFileType = sourcecode.swift; path = LoaderViewController.swift; sourceTree = "<group>"; };
		7498340B2EC5C835006D581B /* Extensions.swift */ = {isa = PBXFileReference; lastKnownFileType = sourcecode.swift; path = Extensions.swift; sourceTree = "<group>"; };
		749834182EC5C94D006D581B /* VolcanoGems.entitlements */ = {isa = PBXFileReference; lastKnownFileType = text.plist.entitlements; path = VolcanoGems.entitlements; sourceTree = "<group>"; };
		74FD09E52EBE92B900707A9C /* AppRoute.swift */ = {isa = PBXFileReference; lastKnownFileType = sourcecode.swift; path = AppRoute.swift; sourceTree = "<group>"; };
		74FD09E62EBE92B900707A9C /* DifficultyLevel.swift */ = {isa = PBXFileReference; lastKnownFileType = sourcecode.swift; path = DifficultyLevel.swift; sourceTree = "<group>"; };
		74FD09E72EBE92B900707A9C /* MemoryCardType.swift */ = {isa = PBXFileReference; lastKnownFileType = sourcecode.swift; path = MemoryCardType.swift; sourceTree = "<group>"; };
		74FD09E82EBE92B900707A9C /* MemoryDifficulty.swift */ = {isa = PBXFileReference; lastKnownFileType = sourcecode.swift; path = MemoryDifficulty.swift; sourceTree = "<group>"; };
		74FD09E92EBE92B900707A9C /* Vulcans.swift */ = {isa = PBXFileReference; lastKnownFileType = sourcecode.swift; path = Vulcans.swift; sourceTree = "<group>"; };
		74FD09EB2EBE92B900707A9C /* MainButtonView.swift */ = {isa = PBXFileReference; lastKnownFileType = sourcecode.swift; path = MainButtonView.swift; sourceTree = "<group>"; };
		74FD09ED2EBE92B900707A9C /* NavigationManager.swift */ = {isa = PBXFileReference; lastKnownFileType = sourcecode.swift; path = NavigationManager.swift; sourceTree = "<group>"; };
		74FD09EF2EBE92B900707A9C /* MemoryProgress.swift */ = {isa = PBXFileReference; lastKnownFileType = sourcecode.swift; path = MemoryProgress.swift; sourceTree = "<group>"; };
		74FD09F02EBE92B900707A9C /* QuizQuestion.swift */ = {isa = PBXFileReference; lastKnownFileType = sourcecode.swift; path = QuizQuestion.swift; sourceTree = "<group>"; };
		74FD09F22EBE92B900707A9C /* BrainView.swift */ = {isa = PBXFileReference; lastKnownFileType = sourcecode.swift; path = BrainView.swift; sourceTree = "<group>"; };
		74FD09F32EBE92B900707A9C /* DifficultySelectionView.swift */ = {isa = PBXFileReference; lastKnownFileType = sourcecode.swift; path = DifficultySelectionView.swift; sourceTree = "<group>"; };
		74FD09F42EBE92B900707A9C /* QuizResultView.swift */ = {isa = PBXFileReference; lastKnownFileType = sourcecode.swift; path = QuizResultView.swift; sourceTree = "<group>"; };
		74FD09F52EBE92B900707A9C /* QuizView.swift */ = {isa = PBXFileReference; lastKnownFileType = sourcecode.swift; path = QuizView.swift; sourceTree = "<group>"; };
		74FD09F72EBE92B900707A9C /* FactsView.swift */ = {isa = PBXFileReference; lastKnownFileType = sourcecode.swift; path = FactsView.swift; sourceTree = "<group>"; };
		74FD09F92EBE92B900707A9C /* LevelSelectionView.swift */ = {isa = PBXFileReference; lastKnownFileType = sourcecode.swift; path = LevelSelectionView.swift; sourceTree = "<group>"; };
		74FD09FA2EBE92B900707A9C /* MatchView.swift */ = {isa = PBXFileReference; lastKnownFileType = sourcecode.swift; path = MatchView.swift; sourceTree = "<group>"; };
		74FD09FB2EBE92B900707A9C /* MemoryDifficultySelectionView.swift */ = {isa = PBXFileReference; lastKnownFileType = sourcecode.swift; path = MemoryDifficultySelectionView.swift; sourceTree = "<group>"; };
		74FD09FC2EBE92B900707A9C /* MemoryGameView.swift */ = {isa = PBXFileReference; lastKnownFileType = sourcecode.swift; path = MemoryGameView.swift; sourceTree = "<group>"; };
		74FD09FD2EBE92B900707A9C /* MemoryResultView.swift */ = {isa = PBXFileReference; lastKnownFileType = sourcecode.swift; path = MemoryResultView.swift; sourceTree = "<group>"; };
		74FD09FF2EBE92B900707A9C /* ModesView.swift */ = {isa = PBXFileReference; lastKnownFileType = sourcecode.swift; path = ModesView.swift; sourceTree = "<group>"; };
		74FD0A012EBE92B900707A9C /* SettingsView.swift */ = {isa = PBXFileReference; lastKnownFileType = sourcecode.swift; path = SettingsView.swift; sourceTree = "<group>"; };
		74FD0A032EBE92B900707A9C /* ContentView.swift */ = {isa = PBXFileReference; lastKnownFileType = sourcecode.swift; path = ContentView.swift; sourceTree = "<group>"; };
		74FD0A042EBE92B900707A9C /* StartView.swift */ = {isa = PBXFileReference; lastKnownFileType = sourcecode.swift; path = StartView.swift; sourceTree = "<group>"; };
		74FD0A072EBE92B900707A9C /* AppDelegate.swift */ = {isa = PBXFileReference; lastKnownFileType = sourcecode.swift; path = AppDelegate.swift; sourceTree = "<group>"; };
		74FD0A082EBE92B900707A9C /* Assets.xcassets */ = {isa = PBXFileReference; lastKnownFileType = folder.assetcatalog; path = Assets.xcassets; sourceTree = "<group>"; };
		74FD0A092EBE92B900707A9C /* Info.plist */ = {isa = PBXFileReference; lastKnownFileType = text.plist.xml; path = Info.plist; sourceTree = "<group>"; };
		74FD0A0A2EBE92B900707A9C /* Base */ = {isa = PBXFileReference; lastKnownFileType = file.storyboard; name = Base; path = Base.lproj/LaunchScreen.storyboard; sourceTree = "<group>"; };
		74FD0A0C2EBE92B900707A9C /* Base */ = {isa = PBXFileReference; lastKnownFileType = file.storyboard; name = Base; path = Base.lproj/Main.storyboard; sourceTree = "<group>"; };
		74FD0A0E2EBE92B900707A9C /* SceneDelegate.swift */ = {isa = PBXFileReference; lastKnownFileType = sourcecode.swift; path = SceneDelegate.swift; sourceTree = "<group>"; };
		D36DEA38D9AFD90BECDDC290 /* Pods_VolcanoGems.framework */ = {isa = PBXFileReference; explicitFileType = wrapper.framework; includeInIndex = 0; path = Pods_VolcanoGems.framework; sourceTree = BUILT_PRODUCTS_DIR; };
/* End PBXFileReference section */

/* Begin PBXFrameworksBuildPhase section */
		7453EC5D2EBB4750000B1423 /* Frameworks */ = {
			isa = PBXFrameworksBuildPhase;
			buildActionMask = 2147483647;
			files = (
				749834142EC5C935006D581B /* OneSignalFramework in Frameworks */,
				749834172EC5C944006D581B /* AppsFlyerLib in Frameworks */,
			);
			runOnlyForDeploymentPostprocessing = 0;
		};
/* End PBXFrameworksBuildPhase section */

/* Begin PBXGroup section */
		7453EC572EBB4750000B1423 = {
			isa = PBXGroup;
			children = (
				74FD0A0F2EBE92B900707A9C /* VolcanoGems */,
				7453EC612EBB4750000B1423 /* Products */,
				BAD979496400C855ED844625 /* Pods */,
				AC0F7F25729858DE9F7B73CF /* Frameworks */,
			);
			sourceTree = "<group>";
		};
		7453EC612EBB4750000B1423 /* Products */ = {
			isa = PBXGroup;
			children = (
				7453EC602EBB4750000B1423 /* VolcanoGems.app */,
			);
			name = Products;
			sourceTree = "<group>";
		};
		7498340C2EC5C835006D581B /* LoadingView */ = {
			isa = PBXGroup;
			children = (
				749834072EC5C835006D581B /* CheckLink.swift */,
				749834082EC5C835006D581B /* OneSignalService.swift */,
				749834092EC5C835006D581B /* InternetViewController.swift */,
				7498340A2EC5C835006D581B /* LoaderViewController.swift */,
				7498340B2EC5C835006D581B /* Extensions.swift */,
			);
			path = LoadingView;
			sourceTree = "<group>";
		};
		74FD09EA2EBE92B900707A9C /* Enums */ = {
			isa = PBXGroup;
			children = (
				74FD09E52EBE92B900707A9C /* AppRoute.swift */,
				74FD09E62EBE92B900707A9C /* DifficultyLevel.swift */,
				74FD09E72EBE92B900707A9C /* MemoryCardType.swift */,
				74FD09E82EBE92B900707A9C /* MemoryDifficulty.swift */,
				74FD09E92EBE92B900707A9C /* Vulcans.swift */,
			);
			path = Enums;
			sourceTree = "<group>";
		};
		74FD09EC2EBE92B900707A9C /* Helpers */ = {
			isa = PBXGroup;
			children = (
				74FD09EB2EBE92B900707A9C /* MainButtonView.swift */,
			);
			path = Helpers;
			sourceTree = "<group>";
		};
		74FD09EE2EBE92B900707A9C /* Managers */ = {
			isa = PBXGroup;
			children = (
				74FD09ED2EBE92B900707A9C /* NavigationManager.swift */,
			);
			path = Managers;
			sourceTree = "<group>";
		};
		74FD09F12EBE92B900707A9C /* Models */ = {
			isa = PBXGroup;
			children = (
				74FD09EF2EBE92B900707A9C /* MemoryProgress.swift */,
				74FD09F02EBE92B900707A9C /* QuizQuestion.swift */,
			);
			path = Models;
			sourceTree = "<group>";
		};
		74FD09F62EBE92B900707A9C /* Brain */ = {
			isa = PBXGroup;
			children = (
				74FD09F22EBE92B900707A9C /* BrainView.swift */,
				74FD09F32EBE92B900707A9C /* DifficultySelectionView.swift */,
				74FD09F42EBE92B900707A9C /* QuizResultView.swift */,
				74FD09F52EBE92B900707A9C /* QuizView.swift */,
			);
			path = Brain;
			sourceTree = "<group>";
		};
		74FD09F82EBE92B900707A9C /* Facts */ = {
			isa = PBXGroup;
			children = (
				74FD09F72EBE92B900707A9C /* FactsView.swift */,
			);
			path = Facts;
			sourceTree = "<group>";
		};
		74FD09FE2EBE92B900707A9C /* Match */ = {
			isa = PBXGroup;
			children = (
				74FD09F92EBE92B900707A9C /* LevelSelectionView.swift */,
				74FD09FA2EBE92B900707A9C /* MatchView.swift */,
				74FD09FB2EBE92B900707A9C /* MemoryDifficultySelectionView.swift */,
				74FD09FC2EBE92B900707A9C /* MemoryGameView.swift */,
				74FD09FD2EBE92B900707A9C /* MemoryResultView.swift */,
			);
			path = Match;
			sourceTree = "<group>";
		};
		74FD0A002EBE92B900707A9C /* Modes */ = {
			isa = PBXGroup;
			children = (
				74FD09FF2EBE92B900707A9C /* ModesView.swift */,
			);
			path = Modes;
			sourceTree = "<group>";
		};
		74FD0A022EBE92B900707A9C /* Settings */ = {
			isa = PBXGroup;
			children = (
				74FD0A012EBE92B900707A9C /* SettingsView.swift */,
			);
			path = Settings;
			sourceTree = "<group>";
		};
		74FD0A052EBE92B900707A9C /* Start */ = {
			isa = PBXGroup;
			children = (
				74FD0A032EBE92B900707A9C /* ContentView.swift */,
				74FD0A042EBE92B900707A9C /* StartView.swift */,
			);
			path = Start;
			sourceTree = "<group>";
		};
		74FD0A062EBE92B900707A9C /* Screens */ = {
			isa = PBXGroup;
			children = (
				74FD09F62EBE92B900707A9C /* Brain */,
				74FD09F82EBE92B900707A9C /* Facts */,
				74FD09FE2EBE92B900707A9C /* Match */,
				74FD0A002EBE92B900707A9C /* Modes */,
				74FD0A022EBE92B900707A9C /* Settings */,
				74FD0A052EBE92B900707A9C /* Start */,
				7498340C2EC5C835006D581B /* LoadingView */,
			);
			path = Screens;
			sourceTree = "<group>";
		};
		74FD0A0F2EBE92B900707A9C /* VolcanoGems */ = {
			isa = PBXGroup;
			children = (
				749834182EC5C94D006D581B /* VolcanoGems.entitlements */,
				74FD09EA2EBE92B900707A9C /* Enums */,
				74FD09EC2EBE92B900707A9C /* Helpers */,
				74FD09EE2EBE92B900707A9C /* Managers */,
				74FD09F12EBE92B900707A9C /* Models */,
				74FD0A062EBE92B900707A9C /* Screens */,
				74FD0A072EBE92B900707A9C /* AppDelegate.swift */,
				74FD0A082EBE92B900707A9C /* Assets.xcassets */,
				74FD0A092EBE92B900707A9C /* Info.plist */,
				74FD0A0B2EBE92B900707A9C /* LaunchScreen.storyboard */,
				74FD0A0D2EBE92B900707A9C /* Main.storyboard */,
				74FD0A0E2EBE92B900707A9C /* SceneDelegate.swift */,
			);
			path = VolcanoGems;
			sourceTree = "<group>";
		};
		AC0F7F25729858DE9F7B73CF /* Frameworks */ = {
			isa = PBXGroup;
			children = (
				D36DEA38D9AFD90BECDDC290 /* Pods_VolcanoGems.framework */,
			);
			name = Frameworks;
			sourceTree = "<group>";
		};
		BAD979496400C855ED844625 /* Pods */ = {
			isa = PBXGroup;
			children = (
				611A296CA8437407E27AB3BE /* Pods-VolcanoGems.debug.xcconfig */,
				0C6C09A6CD21AB270261E7A2 /* Pods-VolcanoGems.release.xcconfig */,
			);
			path = Pods;
			sourceTree = "<group>";
		};
/* End PBXGroup section */

/* Begin PBXNativeTarget section */
		7453EC5F2EBB4750000B1423 /* VolcanoGems */ = {
			isa = PBXNativeTarget;
			buildConfigurationList = 7453EC732EBB4751000B1423 /* Build configuration list for PBXNativeTarget "VolcanoGems" */;
			buildPhases = (
				39A67BE97C6FAD9C1E0DC2BF /* [CP] Check Pods Manifest.lock */,
				7453EC5C2EBB4750000B1423 /* Sources */,
				7453EC5D2EBB4750000B1423 /* Frameworks */,
				7453EC5E2EBB4750000B1423 /* Resources */,
			);
			buildRules = (
			);
			dependencies = (
			);
			name = VolcanoGems;
			productName = VolcanoGems;
			productReference = 7453EC602EBB4750000B1423 /* VolcanoGems.app */;
			productType = "com.apple.product-type.application";
		};
/* End PBXNativeTarget section */

/* Begin PBXProject section */
		7453EC582EBB4750000B1423 /* Project object */ = {
			isa = PBXProject;
			attributes = {
				BuildIndependentTargetsInParallel = 1;
				LastSwiftUpdateCheck = 2600;
				LastUpgradeCheck = 2600;
				TargetAttributes = {
					7453EC5F2EBB4750000B1423 = {
						CreatedOnToolsVersion = 26.0;
					};
				};
			};
			buildConfigurationList = 7453EC5B2EBB4750000B1423 /* Build configuration list for PBXProject "VolcanoGems" */;
			compatibilityVersion = "Xcode 15.0";
			developmentRegion = en;
			hasScannedForEncodings = 0;
			knownRegions = (
				en,
				Base,
			);
			mainGroup = 7453EC572EBB4750000B1423;
			packageReferences = (
				749834122EC5C935006D581B /* XCRemoteSwiftPackageReference "OneSignal-iOS-SDK" */,
				749834152EC5C944006D581B /* XCRemoteSwiftPackageReference "AppsFlyerFramework" */,
			);
			productRefGroup = 7453EC612EBB4750000B1423 /* Products */;
			projectDirPath = "";
			projectRoot = "";
			targets = (
				7453EC5F2EBB4750000B1423 /* VolcanoGems */,
			);
		};
/* End PBXProject section */

/* Begin PBXResourcesBuildPhase section */
		7453EC5E2EBB4750000B1423 /* Resources */ = {
			isa = PBXResourcesBuildPhase;
			buildActionMask = 2147483647;
			files = (
				74FD0A292EBE92B900707A9C /* Assets.xcassets in Resources */,
				74FD0A2B2EBE92B900707A9C /* LaunchScreen.storyboard in Resources */,
				74FD0A2C2EBE92B900707A9C /* Main.storyboard in Resources */,
			);
			runOnlyForDeploymentPostprocessing = 0;
		};
/* End PBXResourcesBuildPhase section */

/* Begin PBXShellScriptBuildPhase section */
		39A67BE97C6FAD9C1E0DC2BF /* [CP] Check Pods Manifest.lock */ = {
			isa = PBXShellScriptBuildPhase;
			buildActionMask = 2147483647;
			files = (
			);
			inputFileListPaths = (
			);
			inputPaths = (
				"${PODS_PODFILE_DIR_PATH}/Podfile.lock",
				"${PODS_ROOT}/Manifest.lock",
			);
			name = "[CP] Check Pods Manifest.lock";
			outputFileListPaths = (
			);
			outputPaths = (
				"$(DERIVED_FILE_DIR)/Pods-VolcanoGems-checkManifestLockResult.txt",
			);
			runOnlyForDeploymentPostprocessing = 0;
			shellPath = /bin/sh;
			shellScript = "diff \"${PODS_PODFILE_DIR_PATH}/Podfile.lock\" \"${PODS_ROOT}/Manifest.lock\" > /dev/null\nif [ $? != 0 ] ; then\n    # print error to STDERR\n    echo \"error: The sandbox is not in sync with the Podfile.lock. Run 'pod install' or update your CocoaPods installation.\" >&2\n    exit 1\nfi\n# This output is used by Xcode 'outputs' to avoid re-running this script phase.\necho \"SUCCESS\" > \"${SCRIPT_OUTPUT_FILE_0}\"\n";
			showEnvVarsInLog = 0;
		};
/* End PBXShellScriptBuildPhase section */

/* Begin PBXSourcesBuildPhase section */
		7453EC5C2EBB4750000B1423 /* Sources */ = {
			isa = PBXSourcesBuildPhase;
			buildActionMask = 2147483647;
			files = (
				74FD0A102EBE92B900707A9C /* AppRoute.swift in Sources */,
				74FD0A112EBE92B900707A9C /* DifficultyLevel.swift in Sources */,
				74FD0A122EBE92B900707A9C /* MemoryCardType.swift in Sources */,
				74FD0A132EBE92B900707A9C /* MemoryDifficulty.swift in Sources */,
				74FD0A142EBE92B900707A9C /* Vulcans.swift in Sources */,
				74FD0A152EBE92B900707A9C /* MainButtonView.swift in Sources */,
				74FD0A162EBE92B900707A9C /* NavigationManager.swift in Sources */,
				74FD0A172EBE92B900707A9C /* MemoryProgress.swift in Sources */,
				74FD0A182EBE92B900707A9C /* QuizQuestion.swift in Sources */,
				74FD0A192EBE92B900707A9C /* BrainView.swift in Sources */,
				74FD0A1A2EBE92B900707A9C /* DifficultySelectionView.swift in Sources */,
				7498340D2EC5C835006D581B /* OneSignalService.swift in Sources */,
				7498340E2EC5C835006D581B /* CheckLink.swift in Sources */,
				7498340F2EC5C835006D581B /* InternetViewController.swift in Sources */,
				749834102EC5C835006D581B /* Extensions.swift in Sources */,
				749834112EC5C835006D581B /* LoaderViewController.swift in Sources */,
				74FD0A1B2EBE92B900707A9C /* QuizResultView.swift in Sources */,
				74FD0A1C2EBE92B900707A9C /* QuizView.swift in Sources */,
				74FD0A1D2EBE92B900707A9C /* FactsView.swift in Sources */,
				74FD0A1E2EBE92B900707A9C /* LevelSelectionView.swift in Sources */,
				74FD0A1F2EBE92B900707A9C /* MatchView.swift in Sources */,
				74FD0A202EBE92B900707A9C /* MemoryDifficultySelectionView.swift in Sources */,
				74FD0A212EBE92B900707A9C /* MemoryGameView.swift in Sources */,
				74FD0A222EBE92B900707A9C /* MemoryResultView.swift in Sources */,
				74FD0A232EBE92B900707A9C /* ModesView.swift in Sources */,
				74FD0A242EBE92B900707A9C /* SettingsView.swift in Sources */,
				74FD0A252EBE92B900707A9C /* ContentView.swift in Sources */,
				74FD0A262EBE92B900707A9C /* StartView.swift in Sources */,
				74FD0A272EBE92B900707A9C /* AppDelegate.swift in Sources */,
				74FD0A282EBE92B900707A9C /* SceneDelegate.swift in Sources */,
			);
			runOnlyForDeploymentPostprocessing = 0;
		};
/* End PBXSourcesBuildPhase section */

/* Begin PBXVariantGroup section */
		74FD0A0B2EBE92B900707A9C /* LaunchScreen.storyboard */ = {
			isa = PBXVariantGroup;
			children = (
				74FD0A0A2EBE92B900707A9C /* Base */,
			);
			name = LaunchScreen.storyboard;
			sourceTree = "<group>";
		};
		74FD0A0D2EBE92B900707A9C /* Main.storyboard */ = {
			isa = PBXVariantGroup;
			children = (
				74FD0A0C2EBE92B900707A9C /* Base */,
			);
			name = Main.storyboard;
			sourceTree = "<group>";
		};
/* End PBXVariantGroup section */

/* Begin XCBuildConfiguration section */
		7453EC742EBB4751000B1423 /* Debug */ = {
			isa = XCBuildConfiguration;
			baseConfigurationReference = 611A296CA8437407E27AB3BE /* Pods-VolcanoGems.debug.xcconfig */;
			buildSettings = {
				ASSETCATALOG_COMPILER_APPICON_NAME = AppIcon;
				ASSETCATALOG_COMPILER_GLOBAL_ACCENT_COLOR_NAME = AccentColor;
				CODE_SIGN_ENTITLEMENTS = VolcanoGems/VolcanoGems.entitlements;
				CODE_SIGN_STYLE = Automatic;
				CURRENT_PROJECT_VERSION = 1;
				GENERATE_INFOPLIST_FILE = YES;
				INFOPLIST_FILE = VolcanoGems/Info.plist;
				INFOPLIST_KEY_UIApplicationSupportsIndirectInputEvents = YES;
				INFOPLIST_KEY_UILaunchStoryboardName = LaunchScreen;
				INFOPLIST_KEY_UIMainStoryboardFile = Main;
				INFOPLIST_KEY_UISupportedInterfaceOrientations = UIInterfaceOrientationPortrait;
				INFOPLIST_KEY_UISupportedInterfaceOrientations_iPad = "UIInterfaceOrientationLandscapeLeft UIInterfaceOrientationLandscapeRight UIInterfaceOrientationPortrait UIInterfaceOrientationPortraitUpsideDown";
				IPHONEOS_DEPLOYMENT_TARGET = 16.6;
				LD_RUNPATH_SEARCH_PATHS = (
					"$(inherited)",
					"@executable_path/Frameworks",
				);
				MARKETING_VERSION = 1.1;
				PRODUCT_BUNDLE_IDENTIFIER = com.jor.v0lg3ms;
				PRODUCT_NAME = "$(TARGET_NAME)";
				STRING_CATALOG_GENERATE_SYMBOLS = YES;
				SUPPORTED_PLATFORMS = "iphoneos iphonesimulator";
				SUPPORTS_MACCATALYST = NO;
				SUPPORTS_MAC_DESIGNED_FOR_IPHONE_IPAD = NO;
				SUPPORTS_XR_DESIGNED_FOR_IPHONE_IPAD = NO;
				SWIFT_APPROACHABLE_CONCURRENCY = YES;
				SWIFT_DEFAULT_ACTOR_ISOLATION = MainActor;
				SWIFT_EMIT_LOC_STRINGS = YES;
				SWIFT_UPCOMING_FEATURE_MEMBER_IMPORT_VISIBILITY = YES;
				SWIFT_VERSION = 5.0;
				TARGETED_DEVICE_FAMILY = 1;
			};
			name = Debug;
		};
		7453EC752EBB4751000B1423 /* Release */ = {
			isa = XCBuildConfiguration;
			baseConfigurationReference = 0C6C09A6CD21AB270261E7A2 /* Pods-VolcanoGems.release.xcconfig */;
			buildSettings = {
				ASSETCATALOG_COMPILER_APPICON_NAME = AppIcon;
				ASSETCATALOG_COMPILER_GLOBAL_ACCENT_COLOR_NAME = AccentColor;
				CODE_SIGN_ENTITLEMENTS = VolcanoGems/VolcanoGems.entitlements;
				CODE_SIGN_STYLE = Automatic;
				CURRENT_PROJECT_VERSION = 1;
				GENERATE_INFOPLIST_FILE = YES;
				INFOPLIST_FILE = VolcanoGems/Info.plist;
				INFOPLIST_KEY_UIApplicationSupportsIndirectInputEvents = YES;
				INFOPLIST_KEY_UILaunchStoryboardName = LaunchScreen;
				INFOPLIST_KEY_UIMainStoryboardFile = Main;
				INFOPLIST_KEY_UISupportedInterfaceOrientations = UIInterfaceOrientationPortrait;
				INFOPLIST_KEY_UISupportedInterfaceOrientations_iPad = "UIInterfaceOrientationLandscapeLeft UIInterfaceOrientationLandscapeRight UIInterfaceOrientationPortrait UIInterfaceOrientationPortraitUpsideDown";
				IPHONEOS_DEPLOYMENT_TARGET = 16.6;
				LD_RUNPATH_SEARCH_PATHS = (
					"$(inherited)",
					"@executable_path/Frameworks",
				);
				MARKETING_VERSION = 1.1;
				PRODUCT_BUNDLE_IDENTIFIER = com.jor.v0lg3ms;
				PRODUCT_NAME = "$(TARGET_NAME)";
				STRING_CATALOG_GENERATE_SYMBOLS = YES;
				SUPPORTED_PLATFORMS = "iphoneos iphonesimulator";
				SUPPORTS_MACCATALYST = NO;
				SUPPORTS_MAC_DESIGNED_FOR_IPHONE_IPAD = NO;
				SUPPORTS_XR_DESIGNED_FOR_IPHONE_IPAD = NO;
				SWIFT_APPROACHABLE_CONCURRENCY = YES;
				SWIFT_DEFAULT_ACTOR_ISOLATION = MainActor;
				SWIFT_EMIT_LOC_STRINGS = YES;
				SWIFT_UPCOMING_FEATURE_MEMBER_IMPORT_VISIBILITY = YES;
				SWIFT_VERSION = 5.0;
				TARGETED_DEVICE_FAMILY = 1;
			};
			name = Release;
		};
		7453EC762EBB4751000B1423 /* Debug */ = {
			isa = XCBuildConfiguration;
			buildSettings = {
				ALWAYS_SEARCH_USER_PATHS = NO;
				ASSETCATALOG_COMPILER_GENERATE_SWIFT_ASSET_SYMBOL_EXTENSIONS = YES;
				CLANG_ANALYZER_NONNULL = YES;
				CLANG_ANALYZER_NUMBER_OBJECT_CONVERSION = YES_AGGRESSIVE;
				CLANG_CXX_LANGUAGE_STANDARD = "gnu++20";
				CLANG_ENABLE_MODULES = YES;
				CLANG_ENABLE_OBJC_ARC = YES;
				CLANG_ENABLE_OBJC_WEAK = YES;
				CLANG_WARN_BLOCK_CAPTURE_AUTORELEASING = YES;
				CLANG_WARN_BOOL_CONVERSION = YES;
				CLANG_WARN_COMMA = YES;
				CLANG_WARN_CONSTANT_CONVERSION = YES;
				CLANG_WARN_DEPRECATED_OBJC_IMPLEMENTATIONS = YES;
				CLANG_WARN_DIRECT_OBJC_ISA_USAGE = YES_ERROR;
				CLANG_WARN_DOCUMENTATION_COMMENTS = YES;
				CLANG_WARN_EMPTY_BODY = YES;
				CLANG_WARN_ENUM_CONVERSION = YES;
				CLANG_WARN_INFINITE_RECURSION = YES;
				CLANG_WARN_INT_CONVERSION = YES;
				CLANG_WARN_NON_LITERAL_NULL_CONVERSION = YES;
				CLANG_WARN_OBJC_IMPLICIT_RETAIN_SELF = YES;
				CLANG_WARN_OBJC_LITERAL_CONVERSION = YES;
				CLANG_WARN_OBJC_ROOT_CLASS = YES_ERROR;
				CLANG_WARN_QUOTED_INCLUDE_IN_FRAMEWORK_HEADER = YES;
				CLANG_WARN_RANGE_LOOP_ANALYSIS = YES;
				CLANG_WARN_STRICT_PROTOTYPES = YES;
				CLANG_WARN_SUSPICIOUS_MOVE = YES;
				CLANG_WARN_UNGUARDED_AVAILABILITY = YES_AGGRESSIVE;
				CLANG_WARN_UNREACHABLE_CODE = YES;
				CLANG_WARN__DUPLICATE_METHOD_MATCH = YES;
				COPY_PHASE_STRIP = NO;
				DEBUG_INFORMATION_FORMAT = dwarf;
				ENABLE_STRICT_OBJC_MSGSEND = YES;
				ENABLE_TESTABILITY = YES;
				ENABLE_USER_SCRIPT_SANDBOXING = YES;
				GCC_C_LANGUAGE_STANDARD = gnu17;
				GCC_DYNAMIC_NO_PIC = NO;
				GCC_NO_COMMON_BLOCKS = YES;
				GCC_OPTIMIZATION_LEVEL = 0;
				GCC_PREPROCESSOR_DEFINITIONS = (
					"DEBUG=1",
					"$(inherited)",
				);
				GCC_WARN_64_TO_32_BIT_CONVERSION = YES;
				GCC_WARN_ABOUT_RETURN_TYPE = YES_ERROR;
				GCC_WARN_UNDECLARED_SELECTOR = YES;
				GCC_WARN_UNINITIALIZED_AUTOS = YES_AGGRESSIVE;
				GCC_WARN_UNUSED_FUNCTION = YES;
				GCC_WARN_UNUSED_VARIABLE = YES;
				IPHONEOS_DEPLOYMENT_TARGET = 26.0;
				LOCALIZATION_PREFERS_STRING_CATALOGS = YES;
				MTL_ENABLE_DEBUG_INFO = INCLUDE_SOURCE;
				MTL_FAST_MATH = YES;
				ONLY_ACTIVE_ARCH = YES;
				SDKROOT = iphoneos;
				SWIFT_ACTIVE_COMPILATION_CONDITIONS = "DEBUG $(inherited)";
				SWIFT_OPTIMIZATION_LEVEL = "-Onone";
			};
			name = Debug;
		};
		7453EC772EBB4751000B1423 /* Release */ = {
			isa = XCBuildConfiguration;
			buildSettings = {
				ALWAYS_SEARCH_USER_PATHS = NO;
				ASSETCATALOG_COMPILER_GENERATE_SWIFT_ASSET_SYMBOL_EXTENSIONS = YES;
				CLANG_ANALYZER_NONNULL = YES;
				CLANG_ANALYZER_NUMBER_OBJECT_CONVERSION = YES_AGGRESSIVE;
				CLANG_CXX_LANGUAGE_STANDARD = "gnu++20";
				CLANG_ENABLE_MODULES = YES;
				CLANG_ENABLE_OBJC_ARC = YES;
				CLANG_ENABLE_OBJC_WEAK = YES;
				CLANG_WARN_BLOCK_CAPTURE_AUTORELEASING = YES;
				CLANG_WARN_BOOL_CONVERSION = YES;
				CLANG_WARN_COMMA = YES;
				CLANG_WARN_CONSTANT_CONVERSION = YES;
				CLANG_WARN_DEPRECATED_OBJC_IMPLEMENTATIONS = YES;
				CLANG_WARN_DIRECT_OBJC_ISA_USAGE = YES_ERROR;
				CLANG_WARN_DOCUMENTATION_COMMENTS = YES;
				CLANG_WARN_EMPTY_BODY = YES;
				CLANG_WARN_ENUM_CONVERSION = YES;
				CLANG_WARN_INFINITE_RECURSION = YES;
				CLANG_WARN_INT_CONVERSION = YES;
				CLANG_WARN_NON_LITERAL_NULL_CONVERSION = YES;
				CLANG_WARN_OBJC_IMPLICIT_RETAIN_SELF = YES;
				CLANG_WARN_OBJC_LITERAL_CONVERSION = YES;
				CLANG_WARN_OBJC_ROOT_CLASS = YES_ERROR;
				CLANG_WARN_QUOTED_INCLUDE_IN_FRAMEWORK_HEADER = YES;
				CLANG_WARN_RANGE_LOOP_ANALYSIS = YES;
				CLANG_WARN_STRICT_PROTOTYPES = YES;
				CLANG_WARN_SUSPICIOUS_MOVE = YES;
				CLANG_WARN_UNGUARDED_AVAILABILITY = YES_AGGRESSIVE;
				CLANG_WARN_UNREACHABLE_CODE = YES;
				CLANG_WARN__DUPLICATE_METHOD_MATCH = YES;
				COPY_PHASE_STRIP = NO;
				DEBUG_INFORMATION_FORMAT = "dwarf-with-dsym";
				ENABLE_NS_ASSERTIONS = NO;
				ENABLE_STRICT_OBJC_MSGSEND = YES;
				ENABLE_USER_SCRIPT_SANDBOXING = YES;
				GCC_C_LANGUAGE_STANDARD = gnu17;
				GCC_NO_COMMON_BLOCKS = YES;
				GCC_WARN_64_TO_32_BIT_CONVERSION = YES;
				GCC_WARN_ABOUT_RETURN_TYPE = YES_ERROR;
				GCC_WARN_UNDECLARED_SELECTOR = YES;
				GCC_WARN_UNINITIALIZED_AUTOS = YES_AGGRESSIVE;
				GCC_WARN_UNUSED_FUNCTION = YES;
				GCC_WARN_UNUSED_VARIABLE = YES;
				IPHONEOS_DEPLOYMENT_TARGET = 26.0;
				LOCALIZATION_PREFERS_STRING_CATALOGS = YES;
				MTL_ENABLE_DEBUG_INFO = NO;
				MTL_FAST_MATH = YES;
				SDKROOT = iphoneos;
				SWIFT_COMPILATION_MODE = wholemodule;
				VALIDATE_PRODUCT = YES;
			};
			name = Release;
		};
/* End XCBuildConfiguration section */

/* Begin XCConfigurationList section */
		7453EC5B2EBB4750000B1423 /* Build configuration list for PBXProject "VolcanoGems" */ = {
			isa = XCConfigurationList;
			buildConfigurations = (
				7453EC762EBB4751000B1423 /* Debug */,
				7453EC772EBB4751000B1423 /* Release */,
			);
			defaultConfigurationIsVisible = 0;
			defaultConfigurationName = Release;
		};
		7453EC732EBB4751000B1423 /* Build configuration list for PBXNativeTarget "VolcanoGems" */ = {
			isa = XCConfigurationList;
			buildConfigurations = (
				7453EC742EBB4751000B1423 /* Debug */,
				7453EC752EBB4751000B1423 /* Release */,
			);
			defaultConfigurationIsVisible = 0;
			defaultConfigurationName = Release;
		};
/* End XCConfigurationList section */

/* Begin XCRemoteSwiftPackageReference section */
		749834122EC5C935006D581B /* XCRemoteSwiftPackageReference "OneSignal-iOS-SDK" */ = {
			isa = XCRemoteSwiftPackageReference;
			repositoryURL = "https://github.com/OneSignal/OneSignal-iOS-SDK";
			requirement = {
				kind = upToNextMajorVersion;
				minimumVersion = 5.2.15;
			};
		};
		749834152EC5C944006D581B /* XCRemoteSwiftPackageReference "AppsFlyerFramework" */ = {
			isa = XCRemoteSwiftPackageReference;
			repositoryURL = "https://github.com/AppsFlyerSDK/AppsFlyerFramework";
			requirement = {
				kind = upToNextMajorVersion;
				minimumVersion = 6.17.7;
			};
		};
/* End XCRemoteSwiftPackageReference section */

/* Begin XCSwiftPackageProductDependency section */
		749834132EC5C935006D581B /* OneSignalFramework */ = {
			isa = XCSwiftPackageProductDependency;
			package = 749834122EC5C935006D581B /* XCRemoteSwiftPackageReference "OneSignal-iOS-SDK" */;
			productName = OneSignalFramework;
		};
		749834162EC5C944006D581B /* AppsFlyerLib */ = {
			isa = XCSwiftPackageProductDependency;
			package = 749834152EC5C944006D581B /* XCRemoteSwiftPackageReference "AppsFlyerFramework" */;
			productName = AppsFlyerLib;
		};
/* End XCSwiftPackageProductDependency section */
	};
	rootObject = 7453EC582EBB4750000B1423 /* Project object */;
}
