{
  "originHash" : "82d90de69a39cea9ac9f366481a148cdac58abca07e1da1e2a265209297a902b",
  "pins" : [
    {
      "identity" : "appsflyerframework",
      "kind" : "remoteSourceControl",
      "location" : "https://github.com/AppsFlyerSDK/AppsFlyerFramework",
      "state" : {
        "revision" : "43147aff398c1d9973f2f5dbe1193ad5d2e82d74",
        "version" : "6.17.7"
      }
    },
    {
      "identity" : "onesignal-ios-sdk",
      "kind" : "remoteSourceControl",
      "location" : "https://github.com/OneSignal/OneSignal-iOS-SDK",
      "state" : {
        "revision" : "47972a48f0bf648706e3ec7f8f837d4b3756f69c",
        "version" : "5.2.15"
      }
    }
  ],
  "version" : 3
}
